
Microsoft Visual Studio Solution File, Format Version 12.00
# Visual Studio Version 17
VisualStudioVersion = 17.1.31911.260
MinimumVisualStudioVersion = 10.0.40219.1
Project("{FAE04EC0-301F-11D3-BF4B-00C04F79EFBC}") = "vending-machine", "vending-machine.csproj", "{C6E38B31-97C9-4C4C-8A58-5EC1E99C0219}"
EndProject
Global
	GlobalSection(SolutionConfigurationPlatforms) = preSolution
		Debug|Any CPU = Debug|Any CPU
		Release|Any CPU = Release|Any CPU
	EndGlobalSection
	GlobalSection(ProjectConfigurationPlatforms) = postSolution
		{C6E38B31-97C9-4C4C-8A58-5EC1E99C0219}.Debug|Any CPU.ActiveCfg = Debug|Any CPU
		{C6E38B31-97C9-4C4C-8A58-5EC1E99C0219}.Debug|Any CPU.Build.0 = Debug|Any CPU
		{C6E38B31-97C9-4C4C-8A58-5EC1E99C0219}.Release|Any CPU.ActiveCfg = Release|Any CPU
		{C6E38B31-97C9-4C4C-8A58-5EC1E99C0219}.Release|Any CPU.Build.0 = Release|Any CPU
	EndGlobalSection
	GlobalSection(SolutionProperties) = preSolution
		HideSolutionNode = FALSE
	EndGlobalSection
	GlobalSection(ExtensibilityGlobals) = postSolution
		SolutionGuid = {38A03F26-C0BF-4908-871C-47115C452B20}
	EndGlobalSection
EndGlobal
